
Microsoft Visual Studio Solution File, Format Version 12.00
# Visual Studio Version 16
VisualStudioVersion = 16.0.30330.147
MinimumVisualStudioVersion = 10.0.40219.1
Project("{8BC9CEB8-8B4A-11D0-8D11-00A0C91BC942}") = "Challenge_loop_if_basicmath", "Challenge_loop_if_basicmath\Challenge_loop_if_basicmath.vcxproj", "{096E31AC-860B-444B-9433-BCAC2580CD12}"
EndProject
Global
	GlobalSection(SolutionConfigurationPlatforms) = preSolution
		Debug|x64 = Debug|x64
		Debug|x86 = Debug|x86
		Release|x64 = Release|x64
		Release|x86 = Release|x86
	EndGlobalSection
	GlobalSection(ProjectConfigurationPlatforms) = postSolution
		{096E31AC-860B-444B-9433-BCAC2580CD12}.Debug|x64.ActiveCfg = Debug|x64
		{096E31AC-860B-444B-9433-BCAC2580CD12}.Debug|x64.Build.0 = Debug|x64
		{096E31AC-860B-444B-9433-BCAC2580CD12}.Debug|x86.ActiveCfg = Debug|Win32
		{096E31AC-860B-444B-9433-BCAC2580CD12}.Debug|x86.Build.0 = Debug|Win32
		{096E31AC-860B-444B-9433-BCAC2580CD12}.Release|x64.ActiveCfg = Release|x64
		{096E31AC-860B-444B-9433-BCAC2580CD12}.Release|x64.Build.0 = Release|x64
		{096E31AC-860B-444B-9433-BCAC2580CD12}.Release|x86.ActiveCfg = Release|Win32
		{096E31AC-860B-444B-9433-BCAC2580CD12}.Release|x86.Build.0 = Release|Win32
	EndGlobalSection
	GlobalSection(SolutionProperties) = preSolution
		HideSolutionNode = FALSE
	EndGlobalSection
	GlobalSection(ExtensibilityGlobals) = postSolution
		SolutionGuid = {D0D2D4C6-5B9A-4094-8111-723EC21FDFCB}
	EndGlobalSection
EndGlobal
